{
  "name": "symbiote-symbol",
  "version": "1.1.0",
  "lockfileVersion": 1,
  "requires": true,
  "dependencies": {
    "symbol-creator": {
      "version": "1.0.0",
      "resolved": "https://registry.npmjs.org/symbol-creator/-/symbol-creator-1.0.0.tgz",
      "integrity": "sha512-NXXhhmZURFd4tEMiqmqNMWOkVeq/naaYsyAJB2leSxQFAX9sGcOZhau4C2k9SBS1rjUspfKL+7XsDo03szC6Uw=="
    }
  }
}
